
Microsoft Visual Studio Solution File, Format Version 12.00
# Visual Studio Version 17
VisualStudioVersion = 17.0.31903.59
MinimumVisualStudioVersion = 10.0.40219.1
Project("{FAE04EC0-301F-11D3-BF4B-00C04F79EFBC}") = "Plank.Benchmarks", "Plank.Benchmarks\Plank.Benchmarks.csproj", "{FA14F6E2-3EF7-4C50-9E3C-9D97B8D7E405}"
EndProject
Project("{2150E333-8FDC-42A3-9474-1A3956D46DE8}") = "library", "library", "{50A17DA1-3556-4046-CEDC-33EB466D9C32}"
EndProject
Project("{2150E333-8FDC-42A3-9474-1A3956D46DE8}") = "Plank", "Plank", "{F862EB78-743C-6DD2-1099-5A29FF6F9AC9}"
EndProject
Project("{FAE04EC0-301F-11D3-BF4B-00C04F79EFBC}") = "Plank", "library\Plank\Plank\Plank.csproj", "{424260EA-2F79-4E97-8CE5-ADAD42E3C291}"
EndProject
Project("{FAE04EC0-301F-11D3-BF4B-00C04F79EFBC}") = "Plank.SourceGen", "library\Plank\Plank.SourceGen\Plank.SourceGen.csproj", "{CCB1B61E-B16F-4CF1-B36D-FE5A84A837F3}"
EndProject
Project("{FAE04EC0-301F-11D3-BF4B-00C04F79EFBC}") = "Plank.Benchmarks.Tests", "Plank.Benchmarks.Tests\Plank.Benchmarks.Tests.csproj", "{80BB97ED-A2EA-408E-A513-53FF5CE1FC77}"
EndProject
Project("{FAE04EC0-301F-11D3-BF4B-00C04F79EFBC}") = "Plank.Fuzzing", "Plank.Fuzzing\Plank.Fuzzing.csproj", "{CFE864F4-8904-4DF5-BA48-31B4D0A6696C}"
EndProject
Project("{FAE04EC0-301F-11D3-BF4B-00C04F79EFBC}") = "Plank.Fuzzing.Replay", "Plank.Fuzzing.Replay\Plank.Fuzzing.Replay.csproj", "{9A8C15DC-53DC-4094-9BD0-65C3114955AA}"
EndProject
Project("{FAE04EC0-301F-11D3-BF4B-00C04F79EFBC}") = "Plank.Lab.Tests", "Plank.Lab.Tests\Plank.Lab.Tests.csproj", "{754CDB3F-4D77-41E4-8E97-3B78B01EBFE8}"
EndProject
Global
	GlobalSection(SolutionConfigurationPlatforms) = preSolution
		Debug|Any CPU = Debug|Any CPU
		Debug|x64 = Debug|x64
		Debug|x86 = Debug|x86
		Release|Any CPU = Release|Any CPU
		Release|x64 = Release|x64
		Release|x86 = Release|x86
	EndGlobalSection
	GlobalSection(ProjectConfigurationPlatforms) = postSolution
		{FA14F6E2-3EF7-4C50-9E3C-9D97B8D7E405}.Debug|Any CPU.ActiveCfg = Debug|Any CPU
		{FA14F6E2-3EF7-4C50-9E3C-9D97B8D7E405}.Debug|Any CPU.Build.0 = Debug|Any CPU
		{FA14F6E2-3EF7-4C50-9E3C-9D97B8D7E405}.Debug|x64.ActiveCfg = Debug|Any CPU
		{FA14F6E2-3EF7-4C50-9E3C-9D97B8D7E405}.Debug|x64.Build.0 = Debug|Any CPU
		{FA14F6E2-3EF7-4C50-9E3C-9D97B8D7E405}.Debug|x86.ActiveCfg = Debug|Any CPU
		{FA14F6E2-3EF7-4C50-9E3C-9D97B8D7E405}.Debug|x86.Build.0 = Debug|Any CPU
		{FA14F6E2-3EF7-4C50-9E3C-9D97B8D7E405}.Release|Any CPU.ActiveCfg = Release|Any CPU
		{FA14F6E2-3EF7-4C50-9E3C-9D97B8D7E405}.Release|Any CPU.Build.0 = Release|Any CPU
		{FA14F6E2-3EF7-4C50-9E3C-9D97B8D7E405}.Release|x64.ActiveCfg = Release|Any CPU
		{FA14F6E2-3EF7-4C50-9E3C-9D97B8D7E405}.Release|x64.Build.0 = Release|Any CPU
		{FA14F6E2-3EF7-4C50-9E3C-9D97B8D7E405}.Release|x86.ActiveCfg = Release|Any CPU
		{FA14F6E2-3EF7-4C50-9E3C-9D97B8D7E405}.Release|x86.Build.0 = Release|Any CPU
		{424260EA-2F79-4E97-8CE5-ADAD42E3C291}.Debug|Any CPU.ActiveCfg = Debug|Any CPU
		{424260EA-2F79-4E97-8CE5-ADAD42E3C291}.Debug|Any CPU.Build.0 = Debug|Any CPU
		{424260EA-2F79-4E97-8CE5-ADAD42E3C291}.Debug|x64.ActiveCfg = Debug|Any CPU
		{424260EA-2F79-4E97-8CE5-ADAD42E3C291}.Debug|x64.Build.0 = Debug|Any CPU
		{424260EA-2F79-4E97-8CE5-ADAD42E3C291}.Debug|x86.ActiveCfg = Debug|Any CPU
		{424260EA-2F79-4E97-8CE5-ADAD42E3C291}.Debug|x86.Build.0 = Debug|Any CPU
		{424260EA-2F79-4E97-8CE5-ADAD42E3C291}.Release|Any CPU.ActiveCfg = Release|Any CPU
		{424260EA-2F79-4E97-8CE5-ADAD42E3C291}.Release|Any CPU.Build.0 = Release|Any CPU
		{424260EA-2F79-4E97-8CE5-ADAD42E3C291}.Release|x64.ActiveCfg = Release|Any CPU
		{424260EA-2F79-4E97-8CE5-ADAD42E3C291}.Release|x64.Build.0 = Release|Any CPU
		{424260EA-2F79-4E97-8CE5-ADAD42E3C291}.Release|x86.ActiveCfg = Release|Any CPU
		{424260EA-2F79-4E97-8CE5-ADAD42E3C291}.Release|x86.Build.0 = Release|Any CPU
		{CCB1B61E-B16F-4CF1-B36D-FE5A84A837F3}.Debug|Any CPU.ActiveCfg = Debug|Any CPU
		{CCB1B61E-B16F-4CF1-B36D-FE5A84A837F3}.Debug|Any CPU.Build.0 = Debug|Any CPU
		{CCB1B61E-B16F-4CF1-B36D-FE5A84A837F3}.Debug|x64.ActiveCfg = Debug|Any CPU
		{CCB1B61E-B16F-4CF1-B36D-FE5A84A837F3}.Debug|x64.Build.0 = Debug|Any CPU
		{CCB1B61E-B16F-4CF1-B36D-FE5A84A837F3}.Debug|x86.ActiveCfg = Debug|Any CPU
		{CCB1B61E-B16F-4CF1-B36D-FE5A84A837F3}.Debug|x86.Build.0 = Debug|Any CPU
		{CCB1B61E-B16F-4CF1-B36D-FE5A84A837F3}.Release|Any CPU.ActiveCfg = Release|Any CPU
		{CCB1B61E-B16F-4CF1-B36D-FE5A84A837F3}.Release|Any CPU.Build.0 = Release|Any CPU
		{CCB1B61E-B16F-4CF1-B36D-FE5A84A837F3}.Release|x64.ActiveCfg = Release|Any CPU
		{CCB1B61E-B16F-4CF1-B36D-FE5A84A837F3}.Release|x64.Build.0 = Release|Any CPU
		{CCB1B61E-B16F-4CF1-B36D-FE5A84A837F3}.Release|x86.ActiveCfg = Release|Any CPU
		{CCB1B61E-B16F-4CF1-B36D-FE5A84A837F3}.Release|x86.Build.0 = Release|Any CPU
		{80BB97ED-A2EA-408E-A513-53FF5CE1FC77}.Debug|Any CPU.ActiveCfg = Debug|Any CPU
		{80BB97ED-A2EA-408E-A513-53FF5CE1FC77}.Debug|Any CPU.Build.0 = Debug|Any CPU
		{80BB97ED-A2EA-408E-A513-53FF5CE1FC77}.Debug|x64.ActiveCfg = Debug|Any CPU
		{80BB97ED-A2EA-408E-A513-53FF5CE1FC77}.Debug|x64.Build.0 = Debug|Any CPU
		{80BB97ED-A2EA-408E-A513-53FF5CE1FC77}.Debug|x86.ActiveCfg = Debug|Any CPU
		{80BB97ED-A2EA-408E-A513-53FF5CE1FC77}.Debug|x86.Build.0 = Debug|Any CPU
		{80BB97ED-A2EA-408E-A513-53FF5CE1FC77}.Release|Any CPU.ActiveCfg = Release|Any CPU
		{80BB97ED-A2EA-408E-A513-53FF5CE1FC77}.Release|Any CPU.Build.0 = Release|Any CPU
		{80BB97ED-A2EA-408E-A513-53FF5CE1FC77}.Release|x64.ActiveCfg = Release|Any CPU
		{80BB97ED-A2EA-408E-A513-53FF5CE1FC77}.Release|x64.Build.0 = Release|Any CPU
		{80BB97ED-A2EA-408E-A513-53FF5CE1FC77}.Release|x86.ActiveCfg = Release|Any CPU
		{80BB97ED-A2EA-408E-A513-53FF5CE1FC77}.Release|x86.Build.0 = Release|Any CPU
		{CFE864F4-8904-4DF5-BA48-31B4D0A6696C}.Debug|Any CPU.ActiveCfg = Debug|Any CPU
		{CFE864F4-8904-4DF5-BA48-31B4D0A6696C}.Debug|Any CPU.Build.0 = Debug|Any CPU
		{CFE864F4-8904-4DF5-BA48-31B4D0A6696C}.Debug|x64.ActiveCfg = Debug|Any CPU
		{CFE864F4-8904-4DF5-BA48-31B4D0A6696C}.Debug|x64.Build.0 = Debug|Any CPU
		{CFE864F4-8904-4DF5-BA48-31B4D0A6696C}.Debug|x86.ActiveCfg = Debug|Any CPU
		{CFE864F4-8904-4DF5-BA48-31B4D0A6696C}.Debug|x86.Build.0 = Debug|Any CPU
		{CFE864F4-8904-4DF5-BA48-31B4D0A6696C}.Release|Any CPU.ActiveCfg = Release|Any CPU
		{CFE864F4-8904-4DF5-BA48-31B4D0A6696C}.Release|Any CPU.Build.0 = Release|Any CPU
		{CFE864F4-8904-4DF5-BA48-31B4D0A6696C}.Release|x64.ActiveCfg = Release|Any CPU
		{CFE864F4-8904-4DF5-BA48-31B4D0A6696C}.Release|x64.Build.0 = Release|Any CPU
		{CFE864F4-8904-4DF5-BA48-31B4D0A6696C}.Release|x86.ActiveCfg = Release|Any CPU
		{CFE864F4-8904-4DF5-BA48-31B4D0A6696C}.Release|x86.Build.0 = Release|Any CPU
		{9A8C15DC-53DC-4094-9BD0-65C3114955AA}.Debug|Any CPU.ActiveCfg = Debug|Any CPU
		{9A8C15DC-53DC-4094-9BD0-65C3114955AA}.Debug|Any CPU.Build.0 = Debug|Any CPU
		{9A8C15DC-53DC-4094-9BD0-65C3114955AA}.Debug|x64.ActiveCfg = Debug|Any CPU
		{9A8C15DC-53DC-4094-9BD0-65C3114955AA}.Debug|x64.Build.0 = Debug|Any CPU
		{9A8C15DC-53DC-4094-9BD0-65C3114955AA}.Debug|x86.ActiveCfg = Debug|Any CPU
		{9A8C15DC-53DC-4094-9BD0-65C3114955AA}.Debug|x86.Build.0 = Debug|Any CPU
		{9A8C15DC-53DC-4094-9BD0-65C3114955AA}.Release|Any CPU.ActiveCfg = Release|Any CPU
		{9A8C15DC-53DC-4094-9BD0-65C3114955AA}.Release|Any CPU.Build.0 = Release|Any CPU
		{9A8C15DC-53DC-4094-9BD0-65C3114955AA}.Release|x64.ActiveCfg = Release|Any CPU
		{9A8C15DC-53DC-4094-9BD0-65C3114955AA}.Release|x64.Build.0 = Release|Any CPU
		{9A8C15DC-53DC-4094-9BD0-65C3114955AA}.Release|x86.ActiveCfg = Release|Any CPU
		{9A8C15DC-53DC-4094-9BD0-65C3114955AA}.Release|x86.Build.0 = Release|Any CPU
		{754CDB3F-4D77-41E4-8E97-3B78B01EBFE8}.Debug|Any CPU.ActiveCfg = Debug|Any CPU
		{754CDB3F-4D77-41E4-8E97-3B78B01EBFE8}.Debug|Any CPU.Build.0 = Debug|Any CPU
		{754CDB3F-4D77-41E4-8E97-3B78B01EBFE8}.Debug|x64.ActiveCfg = Debug|Any CPU
		{754CDB3F-4D77-41E4-8E97-3B78B01EBFE8}.Debug|x64.Build.0 = Debug|Any CPU
		{754CDB3F-4D77-41E4-8E97-3B78B01EBFE8}.Debug|x86.ActiveCfg = Debug|Any CPU
		{754CDB3F-4D77-41E4-8E97-3B78B01EBFE8}.Debug|x86.Build.0 = Debug|Any CPU
		{754CDB3F-4D77-41E4-8E97-3B78B01EBFE8}.Release|Any CPU.ActiveCfg = Release|Any CPU
		{754CDB3F-4D77-41E4-8E97-3B78B01EBFE8}.Release|Any CPU.Build.0 = Release|Any CPU
		{754CDB3F-4D77-41E4-8E97-3B78B01EBFE8}.Release|x64.ActiveCfg = Release|Any CPU
		{754CDB3F-4D77-41E4-8E97-3B78B01EBFE8}.Release|x64.Build.0 = Release|Any CPU
		{754CDB3F-4D77-41E4-8E97-3B78B01EBFE8}.Release|x86.ActiveCfg = Release|Any CPU
		{754CDB3F-4D77-41E4-8E97-3B78B01EBFE8}.Release|x86.Build.0 = Release|Any CPU
	EndGlobalSection
	GlobalSection(SolutionProperties) = preSolution
		HideSolutionNode = FALSE
	EndGlobalSection
	GlobalSection(NestedProjects) = preSolution
		{F862EB78-743C-6DD2-1099-5A29FF6F9AC9} = {50A17DA1-3556-4046-CEDC-33EB466D9C32}
		{424260EA-2F79-4E97-8CE5-ADAD42E3C291} = {F862EB78-743C-6DD2-1099-5A29FF6F9AC9}
		{CCB1B61E-B16F-4CF1-B36D-FE5A84A837F3} = {F862EB78-743C-6DD2-1099-5A29FF6F9AC9}
	EndGlobalSection
EndGlobal
